
Microsoft Visual Studio Solution File, Format Version 12.00
# Visual Studio Version 17
VisualStudioVersion = 17.9.34701.34
MinimumVisualStudioVersion = 10.0.40219.1
Project("{FAE04EC0-301F-11D3-BF4B-00C04F79EFBC}") = "SpaceEngineers2NoPCU", "SpaceEngineers2NoPCU\SpaceEngineers2NoPCU.csproj", "{0EC7B6B7-DF09-4BE7-BAEA-8DE6699C4880}"
EndProject
Global
	GlobalSection(SolutionConfigurationPlatforms) = preSolution
		Debug|Any CPU = Debug|Any CPU
		Release|Any CPU = Release|Any CPU
	EndGlobalSection
	GlobalSection(ProjectConfigurationPlatforms) = postSolution
		{0EC7B6B7-DF09-4BE7-BAEA-8DE6699C4880}.Debug|Any CPU.ActiveCfg = Debug|Any CPU
		{0EC7B6B7-DF09-4BE7-BAEA-8DE6699C4880}.Debug|Any CPU.Build.0 = Debug|Any CPU
		{0EC7B6B7-DF09-4BE7-BAEA-8DE6699C4880}.Release|Any CPU.ActiveCfg = Release|Any CPU
		{0EC7B6B7-DF09-4BE7-BAEA-8DE6699C4880}.Release|Any CPU.Build.0 = Release|Any CPU
	EndGlobalSection
	GlobalSection(SolutionProperties) = preSolution
		HideSolutionNode = FALSE
	EndGlobalSection
	GlobalSection(ExtensibilityGlobals) = postSolution
		SolutionGuid = {218FEBBE-F071-4A0C-B52C-C521615D6C49}
	EndGlobalSection
EndGlobal
